Microsoft Visual Studio Solution File, Format Version 11.00
# Visual Studio 2008

Project("{88040AD8-FABD-BC0B-1BF6-68B12DFB198A}") = "Pipedreams", "Assembly-CSharp-firstpass.csproj", "{B76F890F-C506-E0D6-1ABE-FAE0CECABCF2}"
EndProject
Project("{88040AD8-FABD-BC0B-1BF6-68B12DFB198A}") = "Pipedreams", "Assembly-CSharp.csproj", "{DDD4FD9C-5F55-AD18-C722-5CC62F622857}"
EndProject
Project("{88040AD8-FABD-BC0B-1BF6-68B12DFB198A}") = "Pipedreams", "Assembly-UnityScript.unityproj", "{AF2ED315-C6A9-3F44-DEA4-6C4C4188425C}"
EndProject
Global
	GlobalSection(SolutionConfigurationPlatforms) = preSolution
		Debug|Any CPU = Debug|Any CPU
		Release|Any CPU = Release|Any CPU
	EndGlobalSection
	GlobalSection(ProjectConfigurationPlatforms) = postSolution
		{B76F890F-C506-E0D6-1ABE-FAE0CECABCF2}.Debug|Any CPU.ActiveCfg = Debug|Any CPU
		{B76F890F-C506-E0D6-1ABE-FAE0CECABCF2}.Debug|Any CPU.Build.0 = Debug|Any CPU
		{B76F890F-C506-E0D6-1ABE-FAE0CECABCF2}.Release|Any CPU.ActiveCfg = Release|Any CPU
		{B76F890F-C506-E0D6-1ABE-FAE0CECABCF2}.Release|Any CPU.Build.0 = Release|Any CPU
		{DDD4FD9C-5F55-AD18-C722-5CC62F622857}.Debug|Any CPU.ActiveCfg = Debug|Any CPU
		{DDD4FD9C-5F55-AD18-C722-5CC62F622857}.Debug|Any CPU.Build.0 = Debug|Any CPU
		{DDD4FD9C-5F55-AD18-C722-5CC62F622857}.Release|Any CPU.ActiveCfg = Release|Any CPU
		{DDD4FD9C-5F55-AD18-C722-5CC62F622857}.Release|Any CPU.Build.0 = Release|Any CPU
		{AF2ED315-C6A9-3F44-DEA4-6C4C4188425C}.Debug|Any CPU.ActiveCfg = Debug|Any CPU
		{AF2ED315-C6A9-3F44-DEA4-6C4C4188425C}.Debug|Any CPU.Build.0 = Debug|Any CPU
		{AF2ED315-C6A9-3F44-DEA4-6C4C4188425C}.Release|Any CPU.ActiveCfg = Release|Any CPU
		{AF2ED315-C6A9-3F44-DEA4-6C4C4188425C}.Release|Any CPU.Build.0 = Release|Any CPU
	EndGlobalSection
	GlobalSection(SolutionProperties) = preSolution
		HideSolutionNode = FALSE
	EndGlobalSection
																	GlobalSection(MonoDevelopProperties) = preSolution
		StartupItem = Assembly-CSharp.csproj
		Policies = $0
		$0.TextStylePolicy = $1
		$1.inheritsSet = null
		$1.scope = text/x-csharp
		$0.CSharpFormattingPolicy = $2
		$2.inheritsSet = Mono
		$2.inheritsScope = text/x-csharp
		$2.scope = text/x-csharp
		$0.TextStylePolicy = $3
		$3.FileWidth = 120
		$3.TabWidth = 4
		$3.EolMarker = Unix
		$3.inheritsSet = Mono
		$3.inheritsScope = text/plain
		$3.scope = text/plain
	EndGlobalSection

EndGlobal
